
Microsoft Visual Studio Solution File, Format Version 12.00
# Visual Studio Version 17
VisualStudioVersion = 17.10.34928.147
MinimumVisualStudioVersion = 10.0.40219.1
Project("{778DAE3C-4631-46EA-AA77-85C1314464D9}") = "juego_tiempo", "juego_tiempo\juego_tiempo.vbproj", "{A76056E9-AB2C-4360-8D02-C5CB0A5ADBF0}"
EndProject
Global
	GlobalSection(SolutionConfigurationPlatforms) = preSolution
		Debug|Any CPU = Debug|Any CPU
		Release|Any CPU = Release|Any CPU
	EndGlobalSection
	GlobalSection(ProjectConfigurationPlatforms) = postSolution
		{A76056E9-AB2C-4360-8D02-C5CB0A5ADBF0}.Debug|Any CPU.ActiveCfg = Debug|Any CPU
		{A76056E9-AB2C-4360-8D02-C5CB0A5ADBF0}.Debug|Any CPU.Build.0 = Debug|Any CPU
		{A76056E9-AB2C-4360-8D02-C5CB0A5ADBF0}.Release|Any CPU.ActiveCfg = Release|Any CPU
		{A76056E9-AB2C-4360-8D02-C5CB0A5ADBF0}.Release|Any CPU.Build.0 = Release|Any CPU
	EndGlobalSection
	GlobalSection(SolutionProperties) = preSolution
		HideSolutionNode = FALSE
	EndGlobalSection
	GlobalSection(ExtensibilityGlobals) = postSolution
		SolutionGuid = {335748C4-F8C9-4308-9FEA-91EFF4B40772}
	EndGlobalSection
EndGlobal
